
Microsoft Visual Studio Solution File, Format Version 12.00
# Visual Studio Version 17
VisualStudioVersion = 17.0.31912.275
MinimumVisualStudioVersion = 10.0.40219.1
Project("{FAE04EC0-301F-11D3-BF4B-00C04F79EFBC}") = "MvcMovie", "MvcMovie\MvcMovie.csproj", "{F9D9C2FA-4E7A-420D-9F76-AFB3E782691B}"
EndProject
Global
	GlobalSection(SolutionConfigurationPlatforms) = preSolution
		Debug|Any CPU = Debug|Any CPU
		Release|Any CPU = Release|Any CPU
	EndGlobalSection
	GlobalSection(ProjectConfigurationPlatforms) = postSolution
		{F9D9C2FA-4E7A-420D-9F76-AFB3E782691B}.Debug|Any CPU.ActiveCfg = Debug|Any CPU
		{F9D9C2FA-4E7A-420D-9F76-AFB3E782691B}.Debug|Any CPU.Build.0 = Debug|Any CPU
		{F9D9C2FA-4E7A-420D-9F76-AFB3E782691B}.Release|Any CPU.ActiveCfg = Release|Any CPU
		{F9D9C2FA-4E7A-420D-9F76-AFB3E782691B}.Release|Any CPU.Build.0 = Release|Any CPU
	EndGlobalSection
	GlobalSection(SolutionProperties) = preSolution
		HideSolutionNode = FALSE
	EndGlobalSection
	GlobalSection(ExtensibilityGlobals) = postSolution
		SolutionGuid = {AD3B4756-4AA2-44E9-9FBC-03AD6F64CE52}
	EndGlobalSection
EndGlobal
